# This file is automatically @generated by Cargo.
# It is not intended for manual editing.
version = 4

[[package]]
name = "rustycolour-app"
version = "0.1.0"
dependencies = [
 "rustycolour-core",
]

[[package]]
name = "rustycolour-cli"
version = "0.1.0"
dependencies = [
 "rustycolour-core",
]

[[package]]
name = "rustycolour-core"
version = "0.1.0"
